
Microsoft Visual Studio Solution File, Format Version 12.00
# Visual Studio Version 16
VisualStudioVersion = 16.0.31004.235
MinimumVisualStudioVersion = 10.0.40219.1
Project("{FAE04EC0-301F-11D3-BF4B-00C04F79EFBC}") = "ReactDemoBlogMVC", "ReactDemoBlogMVC\ReactDemoBlogMVC.csproj", "{20AD3961-C645-4CED-9E5C-77F87770649B}"
EndProject
Global
	GlobalSection(SolutionConfigurationPlatforms) = preSolution
		Debug|Any CPU = Debug|Any CPU
		Release|Any CPU = Release|Any CPU
	EndGlobalSection
	GlobalSection(ProjectConfigurationPlatforms) = postSolution
		{20AD3961-C645-4CED-9E5C-77F87770649B}.Debug|Any CPU.ActiveCfg = Debug|Any CPU
		{20AD3961-C645-4CED-9E5C-77F87770649B}.Debug|Any CPU.Build.0 = Debug|Any CPU
		{20AD3961-C645-4CED-9E5C-77F87770649B}.Release|Any CPU.ActiveCfg = Release|Any CPU
		{20AD3961-C645-4CED-9E5C-77F87770649B}.Release|Any CPU.Build.0 = Release|Any CPU
	EndGlobalSection
	GlobalSection(SolutionProperties) = preSolution
		HideSolutionNode = FALSE
	EndGlobalSection
	GlobalSection(ExtensibilityGlobals) = postSolution
		SolutionGuid = {3FC11B6A-B035-4E80-A7B5-442C38616AC1}
	EndGlobalSection
EndGlobal
